{
    "_readme": [
        "This file locks the dependencies of your project to a known state",
        "Read more about it at https://getcomposer.org/doc/01-basic-usage.md#composer-lock-the-lock-file",
        "This file is @generated automatically"
    ],
    "hash": "6bf5f410fac25acfd932f80cd4a650c9",
    "content-hash": "8d11714990d1bfa775e5f1445311ee43",
    "packages": [
        {
            "name": "predis/predis",
            "version": "v1.0.4",
            "source": {
                "type": "git",
                "url": "https://github.com/nrk/predis.git",
                "reference": "9ead747663bb1b1ae017dfa0d152aca87792b42f"
            },
            "dist": {
                "type": "zip",
                "url": "https://files.phpcomposer.com/files/nrk/predis/9ead747663bb1b1ae017dfa0d152aca87792b42f.zip",
                "reference": "9ead747663bb1b1ae017dfa0d152aca87792b42f",
                "shasum": ""
            },
            "require": {
                "php": ">=5.3.2"
            },
            "require-dev": {
                "phpunit/phpunit": "~4.8"
            },
            "suggest": {
                "ext-curl": "Allows access to Webdis when paired with phpiredis",
                "ext-phpiredis": "Allows faster serialization and deserialization of the Redis protocol"
            },
            "type": "library",
            "autoload": {
                "psr-4": {
                    "Predis\\": "src/"
                }
            },
            "notification-url": "https://packagist.org/downloads/",
            "license": [
                "MIT"
            ],
            "authors": [
                {
                    "name": "Daniele Alessandri",
                    "email": "suppakilla@gmail.com",
                    "homepage": "http://clorophilla.net"
                }
            ],
            "description": "Flexible and feature-complete Redis client for PHP and HHVM",
            "homepage": "http://github.com/nrk/predis",
            "keywords": [
                "nosql",
                "predis",
                "redis"
            ],
            "time": "2016-05-30 15:25:52"
        },
        {
            "name": "workerman/gateway-worker-for-win",
            "version": "v3.0.2",
            "source": {
                "type": "git",
                "url": "https://github.com/walkor/GatewayWorker-for-win.git",
                "reference": "d97bfb58adee8a2de200ac5bd142a2c252793d0c"
            },
            "dist": {
                "type": "zip",
                "url": "https://api.github.com/repos/walkor/GatewayWorker-for-win/zipball/d97bfb58adee8a2de200ac5bd142a2c252793d0c",
                "reference": "d97bfb58adee8a2de200ac5bd142a2c252793d0c",
                "shasum": ""
            },
            "require": {
                "workerman/workerman-for-win": ">=3.1.8"
            },
            "type": "library",
            "autoload": {
                "psr-4": {
                    "GatewayWorker\\": "./src"
                }
            },
            "notification-url": "https://packagist.org/downloads/",
            "license": [
                "MIT"
            ],
            "homepage": "http://www.workerman.net",
            "keywords": [
                "communication",
                "distributed"
            ],
            "time": "2017-03-04 10:24:56"
        },
        {
            "name": "workerman/workerman-for-win",
            "version": "v3.3.90",
            "source": {
                "type": "git",
                "url": "https://github.com/walkor/workerman-for-win.git",
                "reference": "64994323f7ba50ff34f2eabaa0a4fd39a9845d81"
            },
            "dist": {
                "type": "zip",
                "url": "https://api.github.com/repos/walkor/workerman-for-win/zipball/64994323f7ba50ff34f2eabaa0a4fd39a9845d81",
                "reference": "64994323f7ba50ff34f2eabaa0a4fd39a9845d81",
                "shasum": ""
            },
            "require": {
                "php": ">=5.3"
            },
            "type": "project",
            "autoload": {
                "psr-4": {
                    "Workerman\\": "./"
                }
            },
            "notification-url": "https://packagist.org/downloads/",
            "license": [
                "MIT"
            ],
            "authors": [
                {
                    "name": "walkor",
                    "email": "walkor@workerman.net",
                    "homepage": "http://www.workerman.net",
                    "role": "Developer"
                }
            ],
            "description": "An asynchronous event driven PHP framework for easily building fast, scalable network applications.",
            "homepage": "http://www.workerman.net",
            "keywords": [
                "asynchronous",
                "event-loop"
            ],
            "time": "2017-02-27 13:17:20"
        }
    ],
    "packages-dev": [],
    "aliases": [],
    "minimum-stability": "stable",
    "stability-flags": [],
    "prefer-stable": false,
    "prefer-lowest": false,
    "platform": [],
    "platform-dev": []
}
